
Microsoft Visual Studio Solution File, Format Version 12.00
# Visual Studio Version 16
VisualStudioVersion = 16.0.29806.167
MinimumVisualStudioVersion = 10.0.40219.1
Project("{FAE04EC0-301F-11D3-BF4B-00C04F79EFBC}") = "CoronaVirusUS", "CoronaVirusUS\CoronaVirusUS.csproj", "{E2915971-AB85-4FBF-A40F-440349FD59D5}"
EndProject
Project("{FAE04EC0-301F-11D3-BF4B-00C04F79EFBC}") = "TwitCreds", "TwitCreds\TwitCreds.csproj", "{9A744675-D4F3-4658-B680-6599A1265B5E}"
EndProject
Project("{FAE04EC0-301F-11D3-BF4B-00C04F79EFBC}") = "AsposeCreds", "AsposeCreds\AsposeCreds.csproj", "{58375C8E-C7DB-4694-B97F-0BC82F3B3D31}"
EndProject
Project("{FAE04EC0-301F-11D3-BF4B-00C04F79EFBC}") = "TaskforceModels", "TaskforceModels\TaskforceModels.csproj", "{495DD179-1692-4F4E-86AD-8069B1179E9B}"
EndProject
Project("{FAE04EC0-301F-11D3-BF4B-00C04F79EFBC}") = "NycProbableTracker", "NycProbableTracker\NycProbableTracker.csproj", "{13D1B076-FD7F-4BBE-9133-05B1E2CE56AC}"
EndProject
Project("{FAE04EC0-301F-11D3-BF4B-00C04F79EFBC}") = "CovidPNIModels", "CovidPNIModels\CovidPNIModels.csproj", "{12E1CD12-C3D5-4227-B04C-A90E3A20A76A}"
EndProject
Global
	GlobalSection(SolutionConfigurationPlatforms) = preSolution
		Debug|Any CPU = Debug|Any CPU
		Release|Any CPU = Release|Any CPU
	EndGlobalSection
	GlobalSection(ProjectConfigurationPlatforms) = postSolution
		{E2915971-AB85-4FBF-A40F-440349FD59D5}.Debug|Any CPU.ActiveCfg = Debug|Any CPU
		{E2915971-AB85-4FBF-A40F-440349FD59D5}.Debug|Any CPU.Build.0 = Debug|Any CPU
		{E2915971-AB85-4FBF-A40F-440349FD59D5}.Release|Any CPU.ActiveCfg = Release|Any CPU
		{E2915971-AB85-4FBF-A40F-440349FD59D5}.Release|Any CPU.Build.0 = Release|Any CPU
		{9A744675-D4F3-4658-B680-6599A1265B5E}.Debug|Any CPU.ActiveCfg = Debug|Any CPU
		{9A744675-D4F3-4658-B680-6599A1265B5E}.Debug|Any CPU.Build.0 = Debug|Any CPU
		{9A744675-D4F3-4658-B680-6599A1265B5E}.Release|Any CPU.ActiveCfg = Release|Any CPU
		{9A744675-D4F3-4658-B680-6599A1265B5E}.Release|Any CPU.Build.0 = Release|Any CPU
		{58375C8E-C7DB-4694-B97F-0BC82F3B3D31}.Debug|Any CPU.ActiveCfg = Debug|Any CPU
		{58375C8E-C7DB-4694-B97F-0BC82F3B3D31}.Debug|Any CPU.Build.0 = Debug|Any CPU
		{58375C8E-C7DB-4694-B97F-0BC82F3B3D31}.Release|Any CPU.ActiveCfg = Release|Any CPU
		{58375C8E-C7DB-4694-B97F-0BC82F3B3D31}.Release|Any CPU.Build.0 = Release|Any CPU
		{495DD179-1692-4F4E-86AD-8069B1179E9B}.Debug|Any CPU.ActiveCfg = Debug|Any CPU
		{495DD179-1692-4F4E-86AD-8069B1179E9B}.Debug|Any CPU.Build.0 = Debug|Any CPU
		{495DD179-1692-4F4E-86AD-8069B1179E9B}.Release|Any CPU.ActiveCfg = Release|Any CPU
		{495DD179-1692-4F4E-86AD-8069B1179E9B}.Release|Any CPU.Build.0 = Release|Any CPU
		{13D1B076-FD7F-4BBE-9133-05B1E2CE56AC}.Debug|Any CPU.ActiveCfg = Debug|Any CPU
		{13D1B076-FD7F-4BBE-9133-05B1E2CE56AC}.Debug|Any CPU.Build.0 = Debug|Any CPU
		{13D1B076-FD7F-4BBE-9133-05B1E2CE56AC}.Release|Any CPU.ActiveCfg = Release|Any CPU
		{13D1B076-FD7F-4BBE-9133-05B1E2CE56AC}.Release|Any CPU.Build.0 = Release|Any CPU
		{12E1CD12-C3D5-4227-B04C-A90E3A20A76A}.Debug|Any CPU.ActiveCfg = Debug|Any CPU
		{12E1CD12-C3D5-4227-B04C-A90E3A20A76A}.Debug|Any CPU.Build.0 = Debug|Any CPU
		{12E1CD12-C3D5-4227-B04C-A90E3A20A76A}.Release|Any CPU.ActiveCfg = Release|Any CPU
		{12E1CD12-C3D5-4227-B04C-A90E3A20A76A}.Release|Any CPU.Build.0 = Release|Any CPU
	EndGlobalSection
	GlobalSection(SolutionProperties) = preSolution
		HideSolutionNode = FALSE
	EndGlobalSection
	GlobalSection(ExtensibilityGlobals) = postSolution
		SolutionGuid = {93E9025B-29FA-4F51-A9AD-BEBAB886AB0A}
	EndGlobalSection
EndGlobal
